
Microsoft Visual Studio Solution File, Format Version 12.00
# Visual Studio Version 16
VisualStudioVersion = 16.0.29001.49
MinimumVisualStudioVersion = 10.0.40219.1
Project("{9A19103F-16F7-4668-BE54-9A1E7A4F7556}") = "TestP", "TestP\TestP.csproj", "{84A1C075-38A2-4039-AC49-672BF757E091}"
EndProject
Project("{FAE04EC0-301F-11D3-BF4B-00C04F79EFBC}") = "whatsapp", "whatsapp\whatsapp.csproj", "{EFD5EEA4-62C5-4391-B9DF-0B97DD007283}"
EndProject
Project("{FAE04EC0-301F-11D3-BF4B-00C04F79EFBC}") = "threading", "threading\threading.csproj", "{1371A498-6589-45E0-94FC-3E3A16D84904}"
EndProject
Project("{FAE04EC0-301F-11D3-BF4B-00C04F79EFBC}") = "backgroundthread", "backgroundthread\backgroundthread.csproj", "{5567071B-C93B-447F-9C34-68E307BE06CA}"
EndProject
Project("{FAE04EC0-301F-11D3-BF4B-00C04F79EFBC}") = "forebackthread", "forebackthread\forebackthread.csproj", "{16E0FB56-5554-4408-B91B-498C1E570635}"
EndProject
Global
	GlobalSection(SolutionConfigurationPlatforms) = preSolution
		Debug|Any CPU = Debug|Any CPU
		Release|Any CPU = Release|Any CPU
	EndGlobalSection
	GlobalSection(ProjectConfigurationPlatforms) = postSolution
		{84A1C075-38A2-4039-AC49-672BF757E091}.Debug|Any CPU.ActiveCfg = Debug|Any CPU
		{84A1C075-38A2-4039-AC49-672BF757E091}.Debug|Any CPU.Build.0 = Debug|Any CPU
		{84A1C075-38A2-4039-AC49-672BF757E091}.Release|Any CPU.ActiveCfg = Release|Any CPU
		{84A1C075-38A2-4039-AC49-672BF757E091}.Release|Any CPU.Build.0 = Release|Any CPU
		{EFD5EEA4-62C5-4391-B9DF-0B97DD007283}.Debug|Any CPU.ActiveCfg = Debug|Any CPU
		{EFD5EEA4-62C5-4391-B9DF-0B97DD007283}.Debug|Any CPU.Build.0 = Debug|Any CPU
		{EFD5EEA4-62C5-4391-B9DF-0B97DD007283}.Release|Any CPU.ActiveCfg = Release|Any CPU
		{EFD5EEA4-62C5-4391-B9DF-0B97DD007283}.Release|Any CPU.Build.0 = Release|Any CPU
		{1371A498-6589-45E0-94FC-3E3A16D84904}.Debug|Any CPU.ActiveCfg = Debug|Any CPU
		{1371A498-6589-45E0-94FC-3E3A16D84904}.Debug|Any CPU.Build.0 = Debug|Any CPU
		{1371A498-6589-45E0-94FC-3E3A16D84904}.Release|Any CPU.ActiveCfg = Release|Any CPU
		{1371A498-6589-45E0-94FC-3E3A16D84904}.Release|Any CPU.Build.0 = Release|Any CPU
		{5567071B-C93B-447F-9C34-68E307BE06CA}.Debug|Any CPU.ActiveCfg = Debug|Any CPU
		{5567071B-C93B-447F-9C34-68E307BE06CA}.Debug|Any CPU.Build.0 = Debug|Any CPU
		{5567071B-C93B-447F-9C34-68E307BE06CA}.Release|Any CPU.ActiveCfg = Release|Any CPU
		{5567071B-C93B-447F-9C34-68E307BE06CA}.Release|Any CPU.Build.0 = Release|Any CPU
		{16E0FB56-5554-4408-B91B-498C1E570635}.Debug|Any CPU.ActiveCfg = Debug|Any CPU
		{16E0FB56-5554-4408-B91B-498C1E570635}.Debug|Any CPU.Build.0 = Debug|Any CPU
		{16E0FB56-5554-4408-B91B-498C1E570635}.Release|Any CPU.ActiveCfg = Release|Any CPU
		{16E0FB56-5554-4408-B91B-498C1E570635}.Release|Any CPU.Build.0 = Release|Any CPU
	EndGlobalSection
	GlobalSection(SolutionProperties) = preSolution
		HideSolutionNode = FALSE
	EndGlobalSection
	GlobalSection(ExtensibilityGlobals) = postSolution
		SolutionGuid = {17B3DF13-CE21-4D47-A29E-0BA5752BB25F}
	EndGlobalSection
EndGlobal
